
Microsoft Visual Studio Solution File, Format Version 12.00
# Visual Studio Version 17
VisualStudioVersion = 17.6.33723.286
MinimumVisualStudioVersion = 10.0.40219.1
Project("{FAE04EC0-301F-11D3-BF4B-00C04F79EFBC}") = "ChallengeApp", "ChallengeApp\ChallengeApp.csproj", "{AAE173A2-BF13-4964-8D25-2D314015F158}"
EndProject
Global
	GlobalSection(SolutionConfigurationPlatforms) = preSolution
		Debug|Any CPU = Debug|Any CPU
		Release|Any CPU = Release|Any CPU
	EndGlobalSection
	GlobalSection(ProjectConfigurationPlatforms) = postSolution
		{AAE173A2-BF13-4964-8D25-2D314015F158}.Debug|Any CPU.ActiveCfg = Debug|Any CPU
		{AAE173A2-BF13-4964-8D25-2D314015F158}.Debug|Any CPU.Build.0 = Debug|Any CPU
		{AAE173A2-BF13-4964-8D25-2D314015F158}.Release|Any CPU.ActiveCfg = Release|Any CPU
		{AAE173A2-BF13-4964-8D25-2D314015F158}.Release|Any CPU.Build.0 = Release|Any CPU
	EndGlobalSection
	GlobalSection(SolutionProperties) = preSolution
		HideSolutionNode = FALSE
	EndGlobalSection
	GlobalSection(ExtensibilityGlobals) = postSolution
		SolutionGuid = {AED68165-FF26-4634-8651-BE6DDF420804}
	EndGlobalSection
EndGlobal
